
Microsoft Visual Studio Solution File, Format Version 12.00
# Visual Studio 15
VisualStudioVersion = 15.0.26124.0
MinimumVisualStudioVersion = 15.0.26124.0
Project("{FAE04EC0-301F-11D3-BF4B-00C04F79EFBC}") = "domain", "Domain\domain.csproj", "{5980D669-8703-45CD-8D25-376C21A14B5A}"
EndProject
Project("{FAE04EC0-301F-11D3-BF4B-00C04F79EFBC}") = "api", "Api\api.csproj", "{69D7E0DB-E9FB-4E13-9FE6-E727429A8CB9}"
EndProject
Project("{FAE04EC0-301F-11D3-BF4B-00C04F79EFBC}") = "Infra", "Infra\Infra.csproj", "{AE956F59-CA93-42DE-9538-81DD4CFF2B1A}"
EndProject
Project("{FAE04EC0-301F-11D3-BF4B-00C04F79EFBC}") = "Tests", "Tests\Tests.csproj", "{0F21FA12-254A-4D17-9D80-0F5EB67F7460}"
EndProject
Global
	GlobalSection(SolutionConfigurationPlatforms) = preSolution
		Debug|Any CPU = Debug|Any CPU
		Debug|x64 = Debug|x64
		Debug|x86 = Debug|x86
		Release|Any CPU = Release|Any CPU
		Release|x64 = Release|x64
		Release|x86 = Release|x86
	EndGlobalSection
	GlobalSection(SolutionProperties) = preSolution
		HideSolutionNode = FALSE
	EndGlobalSection
	GlobalSection(ProjectConfigurationPlatforms) = postSolution
		{5980D669-8703-45CD-8D25-376C21A14B5A}.Debug|Any CPU.ActiveCfg = Debug|Any CPU
		{5980D669-8703-45CD-8D25-376C21A14B5A}.Debug|Any CPU.Build.0 = Debug|Any CPU
		{5980D669-8703-45CD-8D25-376C21A14B5A}.Debug|x64.ActiveCfg = Debug|Any CPU
		{5980D669-8703-45CD-8D25-376C21A14B5A}.Debug|x64.Build.0 = Debug|Any CPU
		{5980D669-8703-45CD-8D25-376C21A14B5A}.Debug|x86.ActiveCfg = Debug|Any CPU
		{5980D669-8703-45CD-8D25-376C21A14B5A}.Debug|x86.Build.0 = Debug|Any CPU
		{5980D669-8703-45CD-8D25-376C21A14B5A}.Release|Any CPU.ActiveCfg = Release|Any CPU
		{5980D669-8703-45CD-8D25-376C21A14B5A}.Release|Any CPU.Build.0 = Release|Any CPU
		{5980D669-8703-45CD-8D25-376C21A14B5A}.Release|x64.ActiveCfg = Release|Any CPU
		{5980D669-8703-45CD-8D25-376C21A14B5A}.Release|x64.Build.0 = Release|Any CPU
		{5980D669-8703-45CD-8D25-376C21A14B5A}.Release|x86.ActiveCfg = Release|Any CPU
		{5980D669-8703-45CD-8D25-376C21A14B5A}.Release|x86.Build.0 = Release|Any CPU
		{69D7E0DB-E9FB-4E13-9FE6-E727429A8CB9}.Debug|Any CPU.ActiveCfg = Debug|Any CPU
		{69D7E0DB-E9FB-4E13-9FE6-E727429A8CB9}.Debug|Any CPU.Build.0 = Debug|Any CPU
		{69D7E0DB-E9FB-4E13-9FE6-E727429A8CB9}.Debug|x64.ActiveCfg = Debug|Any CPU
		{69D7E0DB-E9FB-4E13-9FE6-E727429A8CB9}.Debug|x64.Build.0 = Debug|Any CPU
		{69D7E0DB-E9FB-4E13-9FE6-E727429A8CB9}.Debug|x86.ActiveCfg = Debug|Any CPU
		{69D7E0DB-E9FB-4E13-9FE6-E727429A8CB9}.Debug|x86.Build.0 = Debug|Any CPU
		{69D7E0DB-E9FB-4E13-9FE6-E727429A8CB9}.Release|Any CPU.ActiveCfg = Release|Any CPU
		{69D7E0DB-E9FB-4E13-9FE6-E727429A8CB9}.Release|Any CPU.Build.0 = Release|Any CPU
		{69D7E0DB-E9FB-4E13-9FE6-E727429A8CB9}.Release|x64.ActiveCfg = Release|Any CPU
		{69D7E0DB-E9FB-4E13-9FE6-E727429A8CB9}.Release|x64.Build.0 = Release|Any CPU
		{69D7E0DB-E9FB-4E13-9FE6-E727429A8CB9}.Release|x86.ActiveCfg = Release|Any CPU
		{69D7E0DB-E9FB-4E13-9FE6-E727429A8CB9}.Release|x86.Build.0 = Release|Any CPU
		{AE956F59-CA93-42DE-9538-81DD4CFF2B1A}.Debug|Any CPU.ActiveCfg = Debug|Any CPU
		{AE956F59-CA93-42DE-9538-81DD4CFF2B1A}.Debug|Any CPU.Build.0 = Debug|Any CPU
		{AE956F59-CA93-42DE-9538-81DD4CFF2B1A}.Debug|x64.ActiveCfg = Debug|Any CPU
		{AE956F59-CA93-42DE-9538-81DD4CFF2B1A}.Debug|x64.Build.0 = Debug|Any CPU
		{AE956F59-CA93-42DE-9538-81DD4CFF2B1A}.Debug|x86.ActiveCfg = Debug|Any CPU
		{AE956F59-CA93-42DE-9538-81DD4CFF2B1A}.Debug|x86.Build.0 = Debug|Any CPU
		{AE956F59-CA93-42DE-9538-81DD4CFF2B1A}.Release|Any CPU.ActiveCfg = Release|Any CPU
		{AE956F59-CA93-42DE-9538-81DD4CFF2B1A}.Release|Any CPU.Build.0 = Release|Any CPU
		{AE956F59-CA93-42DE-9538-81DD4CFF2B1A}.Release|x64.ActiveCfg = Release|Any CPU
		{AE956F59-CA93-42DE-9538-81DD4CFF2B1A}.Release|x64.Build.0 = Release|Any CPU
		{AE956F59-CA93-42DE-9538-81DD4CFF2B1A}.Release|x86.ActiveCfg = Release|Any CPU
		{AE956F59-CA93-42DE-9538-81DD4CFF2B1A}.Release|x86.Build.0 = Release|Any CPU
		{0F21FA12-254A-4D17-9D80-0F5EB67F7460}.Debug|Any CPU.ActiveCfg = Debug|Any CPU
		{0F21FA12-254A-4D17-9D80-0F5EB67F7460}.Debug|Any CPU.Build.0 = Debug|Any CPU
		{0F21FA12-254A-4D17-9D80-0F5EB67F7460}.Debug|x64.ActiveCfg = Debug|Any CPU
		{0F21FA12-254A-4D17-9D80-0F5EB67F7460}.Debug|x64.Build.0 = Debug|Any CPU
		{0F21FA12-254A-4D17-9D80-0F5EB67F7460}.Debug|x86.ActiveCfg = Debug|Any CPU
		{0F21FA12-254A-4D17-9D80-0F5EB67F7460}.Debug|x86.Build.0 = Debug|Any CPU
		{0F21FA12-254A-4D17-9D80-0F5EB67F7460}.Release|Any CPU.ActiveCfg = Release|Any CPU
		{0F21FA12-254A-4D17-9D80-0F5EB67F7460}.Release|Any CPU.Build.0 = Release|Any CPU
		{0F21FA12-254A-4D17-9D80-0F5EB67F7460}.Release|x64.ActiveCfg = Release|Any CPU
		{0F21FA12-254A-4D17-9D80-0F5EB67F7460}.Release|x64.Build.0 = Release|Any CPU
		{0F21FA12-254A-4D17-9D80-0F5EB67F7460}.Release|x86.ActiveCfg = Release|Any CPU
		{0F21FA12-254A-4D17-9D80-0F5EB67F7460}.Release|x86.Build.0 = Release|Any CPU
	EndGlobalSection
EndGlobal
